
Microsoft Visual Studio Solution File, Format Version 12.00
# Visual Studio Version 17
VisualStudioVersion = 17.12.35506.116 d17.12
MinimumVisualStudioVersion = 10.0.40219.1
Project("{FAE04EC0-301F-11D3-BF4B-00C04F79EFBC}") = "TheRickAndMortyAPIVisualizacao", "TheRickAndMortyAPIVisualizacao\TheRickAndMortyAPIVisualizacao.csproj", "{A59CA0F5-0E78-477D-A4E1-DF1F57A3EED4}"
EndProject
Global
	GlobalSection(SolutionConfigurationPlatforms) = preSolution
		Debug|Any CPU = Debug|Any CPU
		Release|Any CPU = Release|Any CPU
	EndGlobalSection
	GlobalSection(ProjectConfigurationPlatforms) = postSolution
		{A59CA0F5-0E78-477D-A4E1-DF1F57A3EED4}.Debug|Any CPU.ActiveCfg = Debug|Any CPU
		{A59CA0F5-0E78-477D-A4E1-DF1F57A3EED4}.Debug|Any CPU.Build.0 = Debug|Any CPU
		{A59CA0F5-0E78-477D-A4E1-DF1F57A3EED4}.Release|Any CPU.ActiveCfg = Release|Any CPU
		{A59CA0F5-0E78-477D-A4E1-DF1F57A3EED4}.Release|Any CPU.Build.0 = Release|Any CPU
	EndGlobalSection
	GlobalSection(SolutionProperties) = preSolution
		HideSolutionNode = FALSE
	EndGlobalSection
EndGlobal
